
Microsoft Visual Studio Solution File, Format Version 12.00
# Visual Studio Version 17
VisualStudioVersion = 17.0.31912.275
MinimumVisualStudioVersion = 10.0.40219.1
Project("{9A19103F-16F7-4668-BE54-9A1E7A4F7556}") = "ChildBehaviour.DAL", "ChildBehaviour.DAL\ChildBehaviour.DAL.csproj", "{7935BC80-826B-4D0F-BE1B-E74FA3B3F95A}"
EndProject
Project("{9A19103F-16F7-4668-BE54-9A1E7A4F7556}") = "ChildBehaviour.BLL", "ChildBehaviour.BLL\ChildBehaviour.BLL.csproj", "{C8734153-B549-488A-957F-C8CCB812871F}"
EndProject
Project("{FAE04EC0-301F-11D3-BF4B-00C04F79EFBC}") = "ChildBehaviour.RESTAPI", "ChildBehaviour.RESTAPI\ChildBehaviour.RESTAPI.csproj", "{FE4E1E4E-7DBD-47E7-A03B-2D0970335B5A}"
EndProject
Global
	GlobalSection(SolutionConfigurationPlatforms) = preSolution
		Debug|Any CPU = Debug|Any CPU
		Release|Any CPU = Release|Any CPU
	EndGlobalSection
	GlobalSection(ProjectConfigurationPlatforms) = postSolution
		{7935BC80-826B-4D0F-BE1B-E74FA3B3F95A}.Debug|Any CPU.ActiveCfg = Debug|Any CPU
		{7935BC80-826B-4D0F-BE1B-E74FA3B3F95A}.Debug|Any CPU.Build.0 = Debug|Any CPU
		{7935BC80-826B-4D0F-BE1B-E74FA3B3F95A}.Release|Any CPU.ActiveCfg = Release|Any CPU
		{7935BC80-826B-4D0F-BE1B-E74FA3B3F95A}.Release|Any CPU.Build.0 = Release|Any CPU
		{C8734153-B549-488A-957F-C8CCB812871F}.Debug|Any CPU.ActiveCfg = Debug|Any CPU
		{C8734153-B549-488A-957F-C8CCB812871F}.Debug|Any CPU.Build.0 = Debug|Any CPU
		{C8734153-B549-488A-957F-C8CCB812871F}.Release|Any CPU.ActiveCfg = Release|Any CPU
		{C8734153-B549-488A-957F-C8CCB812871F}.Release|Any CPU.Build.0 = Release|Any CPU
		{FE4E1E4E-7DBD-47E7-A03B-2D0970335B5A}.Debug|Any CPU.ActiveCfg = Debug|Any CPU
		{FE4E1E4E-7DBD-47E7-A03B-2D0970335B5A}.Debug|Any CPU.Build.0 = Debug|Any CPU
		{FE4E1E4E-7DBD-47E7-A03B-2D0970335B5A}.Release|Any CPU.ActiveCfg = Release|Any CPU
		{FE4E1E4E-7DBD-47E7-A03B-2D0970335B5A}.Release|Any CPU.Build.0 = Release|Any CPU
	EndGlobalSection
	GlobalSection(SolutionProperties) = preSolution
		HideSolutionNode = FALSE
	EndGlobalSection
	GlobalSection(ExtensibilityGlobals) = postSolution
		SolutionGuid = {6A938518-3A30-4BD4-A489-4EC69614E196}
	EndGlobalSection
EndGlobal
